// !$*UTF8*$!
{
	archiveVersion = 1;
	classes = {
	};
	objectVersion = 46;
	objects = {

/* Begin PBXBuildFile section */
		535699B615113E7300A4C397 /* MKAnnotationView+WebCache.h in Headers */ = {isa = PBXBuildFile; fileRef = 535699B415113E7300A4C397 /* MKAnnotationView+WebCache.h */; };
		535699B715113E7300A4C397 /* MKAnnotationView+WebCache.m in Sources */ = {isa = PBXBuildFile; fileRef = 535699B515113E7300A4C397 /* MKAnnotationView+WebCache.m */; };
		53922D73148C55820056699D /* Foundation.framework in Frameworks */ = {isa = PBXBuildFile; fileRef = 53922D72148C55820056699D /* Foundation.framework */; };
		53922D97148C56230056699D /* SDImageCache.h in Headers */ = {isa = PBXBuildFile; fileRef = 53922D85148C56230056699D /* SDImageCache.h */; };
		53922D98148C56230056699D /* SDImageCache.m in Sources */ = {isa = PBXBuildFile; fileRef = 53922D86148C56230056699D /* SDImageCache.m */; };
		53922D99148C56230056699D /* SDImageCacheDelegate.h in Headers */ = {isa = PBXBuildFile; fileRef = 53922D87148C56230056699D /* SDImageCacheDelegate.h */; settings = {ATTRIBUTES = (Public, ); }; };
		53922D9A148C56230056699D /* SDWebImageCompat.h in Headers */ = {isa = PBXBuildFile; fileRef = 53922D88148C56230056699D /* SDWebImageCompat.h */; settings = {ATTRIBUTES = (Public, ); }; };
		53922D9B148C56230056699D /* SDWebImageDecoder.h in Headers */ = {isa = PBXBuildFile; fileRef = 53922D89148C56230056699D /* SDWebImageDecoder.h */; settings = {ATTRIBUTES = (Public, ); }; };
		53922D9C148C56230056699D /* SDWebImageDecoder.m in Sources */ = {isa = PBXBuildFile; fileRef = 53922D8A148C56230056699D /* SDWebImageDecoder.m */; };
		53922D9D148C56230056699D /* SDWebImageDownloader.h in Headers */ = {isa = PBXBuildFile; fileRef = 53922D8B148C56230056699D /* SDWebImageDownloader.h */; settings = {ATTRIBUTES = (Public, ); }; };
		53922D9E148C56230056699D /* SDWebImageDownloader.m in Sources */ = {isa = PBXBuildFile; fileRef = 53922D8C148C56230056699D /* SDWebImageDownloader.m */; };
		53922D9F148C56230056699D /* SDWebImageDownloaderDelegate.h in Headers */ = {isa = PBXBuildFile; fileRef = 53922D8D148C56230056699D /* SDWebImageDownloaderDelegate.h */; settings = {ATTRIBUTES = (Public, ); }; };
		53922DA0148C56230056699D /* SDWebImageManager.h in Headers */ = {isa = PBXBuildFile; fileRef = 53922D8E148C56230056699D /* SDWebImageManager.h */; settings = {ATTRIBUTES = (Public, ); }; };
		53922DA1148C56230056699D /* SDWebImageManager.m in Sources */ = {isa = PBXBuildFile; fileRef = 53922D8F148C56230056699D /* SDWebImageManager.m */; };
		53922DA2148C56230056699D /* SDWebImageManagerDelegate.h in Headers */ = {isa = PBXBuildFile; fileRef = 53922D90148C56230056699D /* SDWebImageManagerDelegate.h */; settings = {ATTRIBUTES = (Public, ); }; };
		53922DA3148C56230056699D /* SDWebImagePrefetcher.h in Headers */ = {isa = PBXBuildFile; fileRef = 53922D91148C56230056699D /* SDWebImagePrefetcher.h */; settings = {ATTRIBUTES = (Public, ); }; };
		53922DA4148C56230056699D /* SDWebImagePrefetcher.m in Sources */ = {isa = PBXBuildFile; fileRef = 53922D92148C56230056699D /* SDWebImagePrefetcher.m */; };
		53922DA5148C56230056699D /* UIButton+WebCache.h in Headers */ = {isa = PBXBuildFile; fileRef = 53922D93148C56230056699D /* UIButton+WebCache.h */; settings = {ATTRIBUTES = (Public, ); }; };
		53922DA6148C56230056699D /* UIButton+WebCache.m in Sources */ = {isa = PBXBuildFile; fileRef = 53922D94148C56230056699D /* UIButton+WebCache.m */; };
		53922DA7148C56230056699D /* UIImageView+WebCache.h in Headers */ = {isa = PBXBuildFile; fileRef = 53922D95148C56230056699D /* UIImageView+WebCache.h */; settings = {ATTRIBUTES = (Public, ); }; };
		53922DA8148C56230056699D /* UIImageView+WebCache.m in Sources */ = {isa = PBXBuildFile; fileRef = 53922D96148C56230056699D /* UIImageView+WebCache.m */; };
		53FB894714D35E820020B787 /* CoreGraphics.framework in Frameworks */ = {isa = PBXBuildFile; fileRef = 53FB893F14D35D1A0020B787 /* CoreGraphics.framework */; };
		53FB894914D35E9E0020B787 /* UIKit.framework in Frameworks */ = {isa = PBXBuildFile; fileRef = 53FB894814D35E9E0020B787 /* UIKit.framework */; };
		A6101668154959D800997B2E /* SDWebImageCompat.h in CopyFiles */ = {isa = PBXBuildFile; fileRef = 53922D88148C56230056699D /* SDWebImageCompat.h */; };
		A6101669154959D800997B2E /* SDWebImageDownloader.h in CopyFiles */ = {isa = PBXBuildFile; fileRef = 53922D8B148C56230056699D /* SDWebImageDownloader.h */; };
		A610166A154959D800997B2E /* SDWebImageDownloaderDelegate.h in CopyFiles */ = {isa = PBXBuildFile; fileRef = 53922D8D148C56230056699D /* SDWebImageDownloaderDelegate.h */; };
		A610166C154959D800997B2E /* SDImageCacheDelegate.h in CopyFiles */ = {isa = PBXBuildFile; fileRef = 53922D87148C56230056699D /* SDImageCacheDelegate.h */; };
		A610166D154959D800997B2E /* SDWebImageManager.h in CopyFiles */ = {isa = PBXBuildFile; fileRef = 53922D8E148C56230056699D /* SDWebImageManager.h */; };
		A610166E154959D800997B2E /* SDWebImageManagerDelegate.h in CopyFiles */ = {isa = PBXBuildFile; fileRef = 53922D90148C56230056699D /* SDWebImageManagerDelegate.h */; };
		A610166F154959D800997B2E /* SDWebImageDecoder.h in CopyFiles */ = {isa = PBXBuildFile; fileRef = 53922D89148C56230056699D /* SDWebImageDecoder.h */; };
		A6101670154959D800997B2E /* SDWebImagePrefetcher.h in CopyFiles */ = {isa = PBXBuildFile; fileRef = 53922D91148C56230056699D /* SDWebImagePrefetcher.h */; };
		A6101672154959D800997B2E /* UIButton+WebCache.h in CopyFiles */ = {isa = PBXBuildFile; fileRef = 53922D93148C56230056699D /* UIButton+WebCache.h */; };
		A6101673154959D800997B2E /* UIImageView+WebCache.h in CopyFiles */ = {isa = PBXBuildFile; fileRef = 53922D95148C56230056699D /* UIImageView+WebCache.h */; };
/* End PBXBuildFile section */

/* Begin PBXCopyFilesBuildPhase section */
		A61016671549599A00997B2E /* CopyFiles */ = {
			isa = PBXCopyFilesBuildPhase;
			buildActionMask = 2147483647;
			dstPath = include;
			dstSubfolderSpec = 16;
			files = (
				A6101668154959D800997B2E /* SDWebImageCompat.h in CopyFiles */,
				A6101669154959D800997B2E /* SDWebImageDownloader.h in CopyFiles */,
				A610166A154959D800997B2E /* SDWebImageDownloaderDelegate.h in CopyFiles */,
				A610166C154959D800997B2E /* SDImageCacheDelegate.h in CopyFiles */,
				A610166D154959D800997B2E /* SDWebImageManager.h in CopyFiles */,
				A610166E154959D800997B2E /* SDWebImageManagerDelegate.h in CopyFiles */,
				A610166F154959D800997B2E /* SDWebImageDecoder.h in CopyFiles */,
				A6101670154959D800997B2E /* SDWebImagePrefetcher.h in CopyFiles */,
				A6101672154959D800997B2E /* UIButton+WebCache.h in CopyFiles */,
				A6101673154959D800997B2E /* UIImageView+WebCache.h in CopyFiles */,
			);
			runOnlyForDeploymentPostprocessing = 0;
		};
/* End PBXCopyFilesBuildPhase section */

/* Begin PBXFileReference section */
		535699B415113E7300A4C397 /* MKAnnotationView+WebCache.h */ = {isa = PBXFileReference; fileEncoding = 4; lastKnownFileType = sourcecode.c.h; path = "MKAnnotationView+WebCache.h"; sourceTree = SOURCE_ROOT; };
		535699B515113E7300A4C397 /* MKAnnotationView+WebCache.m */ = {isa = PBXFileReference; fileEncoding = 4; lastKnownFileType = sourcecode.c.objc; path = "MKAnnotationView+WebCache.m"; sourceTree = SOURCE_ROOT; };
		53922D6F148C55820056699D /* libSDWebImage.a */ = {isa = PBXFileReference; explicitFileType = archive.ar; includeInIndex = 0; path = libSDWebImage.a; sourceTree = BUILT_PRODUCTS_DIR; };
		53922D72148C55820056699D /* Foundation.framework */ = {isa = PBXFileReference; lastKnownFileType = wrapper.framework; name = Foundation.framework; path = System/Library/Frameworks/Foundation.framework; sourceTree = SDKROOT; };
		53922D85148C56230056699D /* SDImageCache.h */ = {isa = PBXFileReference; fileEncoding = 4; lastKnownFileType = sourcecode.c.h; path = SDImageCache.h; sourceTree = SOURCE_ROOT; };
		53922D86148C56230056699D /* SDImageCache.m */ = {isa = PBXFileReference; fileEncoding = 4; lastKnownFileType = sourcecode.c.objc; path = SDImageCache.m; sourceTree = SOURCE_ROOT; };
		53922D87148C56230056699D /* SDImageCacheDelegate.h */ = {isa = PBXFileReference; fileEncoding = 4; lastKnownFileType = sourcecode.c.h; path = SDImageCacheDelegate.h; sourceTree = SOURCE_ROOT; };
		53922D88148C56230056699D /* SDWebImageCompat.h */ = {isa = PBXFileReference; fileEncoding = 4; lastKnownFileType = sourcecode.c.h; path = SDWebImageCompat.h; sourceTree = SOURCE_ROOT; };
		53922D89148C56230056699D /* SDWebImageDecoder.h */ = {isa = PBXFileReference; fileEncoding = 4; lastKnownFileType = sourcecode.c.h; path = SDWebImageDecoder.h; sourceTree = SOURCE_ROOT; };
		53922D8A148C56230056699D /* SDWebImageDecoder.m */ = {isa = PBXFileReference; fileEncoding = 4; lastKnownFileType = sourcecode.c.objc; path = SDWebImageDecoder.m; sourceTree = SOURCE_ROOT; };
		53922D8B148C56230056699D /* SDWebImageDownloader.h */ = {isa = PBXFileReference; fileEncoding = 4; lastKnownFileType = sourcecode.c.h; path = SDWebImageDownloader.h; sourceTree = SOURCE_ROOT; };
		53922D8C148C56230056699D /* SDWebImageDownloader.m */ = {isa = PBXFileReference; fileEncoding = 4; lastKnownFileType = sourcecode.c.objc; path = SDWebImageDownloader.m; sourceTree = SOURCE_ROOT; };
		53922D8D148C56230056699D /* SDWebImageDownloaderDelegate.h */ = {isa = PBXFileReference; fileEncoding = 4; lastKnownFileType = sourcecode.c.h; path = SDWebImageDownloaderDelegate.h; sourceTree = SOURCE_ROOT; };
		53922D8E148C56230056699D /* SDWebImageManager.h */ = {isa = PBXFileReference; fileEncoding = 4; lastKnownFileType = sourcecode.c.h; path = SDWebImageManager.h; sourceTree = SOURCE_ROOT; };
		53922D8F148C56230056699D /* SDWebImageManager.m */ = {isa = PBXFileReference; fileEncoding = 4; lastKnownFileType = sourcecode.c.objc; path = SDWebImageManager.m; sourceTree = SOURCE_ROOT; };
		53922D90148C56230056699D /* SDWebImageManagerDelegate.h */ = {isa = PBXFileReference; fileEncoding = 4; lastKnownFileType = sourcecode.c.h; path = SDWebImageManagerDelegate.h; sourceTree = SOURCE_ROOT; };
		53922D91148C56230056699D /* SDWebImagePrefetcher.h */ = {isa = PBXFileReference; fileEncoding = 4; lastKnownFileType = sourcecode.c.h; path = SDWebImagePrefetcher.h; sourceTree = SOURCE_ROOT; };
		53922D92148C56230056699D /* SDWebImagePrefetcher.m */ = {isa = PBXFileReference; fileEncoding = 4; lastKnownFileType = sourcecode.c.objc; path = SDWebImagePrefetcher.m; sourceTree = SOURCE_ROOT; };
		53922D93148C56230056699D /* UIButton+WebCache.h */ = {isa = PBXFileReference; fileEncoding = 4; lastKnownFileType = sourcecode.c.h; path = "UIButton+WebCache.h"; sourceTree = SOURCE_ROOT; };
		53922D94148C56230056699D /* UIButton+WebCache.m */ = {isa = PBXFileReference; fileEncoding = 4; lastKnownFileType = sourcecode.c.objc; path = "UIButton+WebCache.m"; sourceTree = SOURCE_ROOT; };
		53922D95148C56230056699D /* UIImageView+WebCache.h */ = {isa = PBXFileReference; fileEncoding = 4; lastKnownFileType = sourcecode.c.h; path = "UIImageView+WebCache.h"; sourceTree = SOURCE_ROOT; };
		53922D96148C56230056699D /* UIImageView+WebCache.m */ = {isa = PBXFileReference; fileEncoding = 4; lastKnownFileType = sourcecode.c.objc; path = "UIImageView+WebCache.m"; sourceTree = SOURCE_ROOT; };
		53FB893F14D35D1A0020B787 /* CoreGraphics.framework */ = {isa = PBXFileReference; lastKnownFileType = wrapper.framework; name = CoreGraphics.framework; path = System/Library/Frameworks/CoreGraphics.framework; sourceTree = SDKROOT; };
		53FB894814D35E9E0020B787 /* UIKit.framework */ = {isa = PBXFileReference; lastKnownFileType = wrapper.framework; name = UIKit.framework; path = System/Library/Frameworks/UIKit.framework; sourceTree = SDKROOT; };
/* End PBXFileReference section */

/* Begin PBXFrameworksBuildPhase section */
		53922D6C148C55810056699D /* Frameworks */ = {
			isa = PBXFrameworksBuildPhase;
			buildActionMask = 2147483647;
			files = (
				53FB894914D35E9E0020B787 /* UIKit.framework in Frameworks */,
				53922D73148C55820056699D /* Foundation.framework in Frameworks */,
				53FB894714D35E820020B787 /* CoreGraphics.framework in Frameworks */,
			);
			runOnlyForDeploymentPostprocessing = 0;
		};
/* End PBXFrameworksBuildPhase section */

/* Begin PBXGroup section */
		53922D64148C55810056699D = {
			isa = PBXGroup;
			children = (
				53922D74148C55820056699D /* SDWebImage */,
				53922D71148C55820056699D /* Frameworks */,
				53922D70148C55820056699D /* Products */,
			);
			sourceTree = "<group>";
		};
		53922D70148C55820056699D /* Products */ = {
			isa = PBXGroup;
			children = (
				53922D6F148C55820056699D /* libSDWebImage.a */,
			);
			name = Products;
			sourceTree = "<group>";
		};
		53922D71148C55820056699D /* Frameworks */ = {
			isa = PBXGroup;
			children = (
				53FB893F14D35D1A0020B787 /* CoreGraphics.framework */,
				53922D72148C55820056699D /* Foundation.framework */,
				53FB894814D35E9E0020B787 /* UIKit.framework */,
			);
			name = Frameworks;
			sourceTree = "<group>";
		};
		53922D74148C55820056699D /* SDWebImage */ = {
			isa = PBXGroup;
			children = (
				53922D88148C56230056699D /* SDWebImageCompat.h */,
				53922DAB148C56810056699D /* Downloader */,
				53922DAA148C56470056699D /* Cache */,
				53922DAC148C56DD0056699D /* Utils */,
				53922DA9148C562D0056699D /* Categories */,
			);
			path = SDWebImage;
			sourceTree = "<group>";
		};
		53922DA9148C562D0056699D /* Categories */ = {
			isa = PBXGroup;
			children = (
				535699B415113E7300A4C397 /* MKAnnotationView+WebCache.h */,
				535699B515113E7300A4C397 /* MKAnnotationView+WebCache.m */,
				53922D93148C56230056699D /* UIButton+WebCache.h */,
				53922D94148C56230056699D /* UIButton+WebCache.m */,
				53922D95148C56230056699D /* UIImageView+WebCache.h */,
				53922D96148C56230056699D /* UIImageView+WebCache.m */,
			);
			name = Categories;
			sourceTree = "<group>";
		};
		53922DAA148C56470056699D /* Cache */ = {
			isa = PBXGroup;
			children = (
				53922D85148C56230056699D /* SDImageCache.h */,
				53922D86148C56230056699D /* SDImageCache.m */,
				53922D87148C56230056699D /* SDImageCacheDelegate.h */,
			);
			name = Cache;
			sourceTree = "<group>";
		};
		53922DAB148C56810056699D /* Downloader */ = {
			isa = PBXGroup;
			children = (
				53922D8B148C56230056699D /* SDWebImageDownloader.h */,
				53922D8C148C56230056699D /* SDWebImageDownloader.m */,
				53922D8D148C56230056699D /* SDWebImageDownloaderDelegate.h */,
			);
			name = Downloader;
			sourceTree = "<group>";
		};
		53922DAC148C56DD0056699D /* Utils */ = {
			isa = PBXGroup;
			children = (
				53922D8E148C56230056699D /* SDWebImageManager.h */,
				53922D8F148C56230056699D /* SDWebImageManager.m */,
				53922D90148C56230056699D /* SDWebImageManagerDelegate.h */,
				53922D89148C56230056699D /* SDWebImageDecoder.h */,
				53922D8A148C56230056699D /* SDWebImageDecoder.m */,
				53922D91148C56230056699D /* SDWebImagePrefetcher.h */,
				53922D92148C56230056699D /* SDWebImagePrefetcher.m */,
			);
			name = Utils;
			sourceTree = "<group>";
		};
/* End PBXGroup section */

/* Begin PBXHeadersBuildPhase section */
		53922D6D148C55810056699D /* Headers */ = {
			isa = PBXHeadersBuildPhase;
			buildActionMask = 2147483647;
			files = (
				53922D97148C56230056699D /* SDImageCache.h in Headers */,
				53922D99148C56230056699D /* SDImageCacheDelegate.h in Headers */,
				53922D9A148C56230056699D /* SDWebImageCompat.h in Headers */,
				53922D9B148C56230056699D /* SDWebImageDecoder.h in Headers */,
				53922D9D148C56230056699D /* SDWebImageDownloader.h in Headers */,
				53922D9F148C56230056699D /* SDWebImageDownloaderDelegate.h in Headers */,
				53922DA0148C56230056699D /* SDWebImageManager.h in Headers */,
				53922DA2148C56230056699D /* SDWebImageManagerDelegate.h in Headers */,
				53922DA3148C56230056699D /* SDWebImagePrefetcher.h in Headers */,
				53922DA5148C56230056699D /* UIButton+WebCache.h in Headers */,
				53922DA7148C56230056699D /* UIImageView+WebCache.h in Headers */,
				535699B615113E7300A4C397 /* MKAnnotationView+WebCache.h in Headers */,
			);
			runOnlyForDeploymentPostprocessing = 0;
		};
/* End PBXHeadersBuildPhase section */

/* Begin PBXNativeTarget section */
		53922D6E148C55810056699D /* SDWebImage */ = {
			isa = PBXNativeTarget;
			buildConfigurationList = 53922D7C148C55820056699D /* Build configuration list for PBXNativeTarget "SDWebImage" */;
			buildPhases = (
				53922D6B148C55810056699D /* Sources */,
				53922D6C148C55810056699D /* Frameworks */,
				53922D6D148C55810056699D /* Headers */,
				A61016671549599A00997B2E /* CopyFiles */,
				A61016651549596B00997B2E /* ShellScript */,
			);
			buildRules = (
			);
			dependencies = (
			);
			name = SDWebImage;
			productName = SDWebImage;
			productReference = 53922D6F148C55820056699D /* libSDWebImage.a */;
			productType = "com.apple.product-type.library.static";
		};
/* End PBXNativeTarget section */

/* Begin PBXProject section */
		53922D66148C55810056699D /* Project object */ = {
			isa = PBXProject;
			attributes = {
				LastUpgradeCheck = 0430;
				ORGANIZATIONNAME = Dailymotion;
			};
			buildConfigurationList = 53922D69148C55810056699D /* Build configuration list for PBXProject "SDWebImage" */;
			compatibilityVersion = "Xcode 3.2";
			developmentRegion = English;
			hasScannedForEncodings = 0;
			knownRegions = (
				en,
			);
			mainGroup = 53922D64148C55810056699D;
			productRefGroup = 53922D70148C55820056699D /* Products */;
			projectDirPath = "";
			projectRoot = "";
			targets = (
				53922D6E148C55810056699D /* SDWebImage */,
			);
		};
/* End PBXProject section */

/* Begin PBXShellScriptBuildPhase section */
		A61016651549596B00997B2E /* ShellScript */ = {
			isa = PBXShellScriptBuildPhase;
			buildActionMask = 2147483647;
			files = (
			);
			inputPaths = (
			);
			outputPaths = (
			);
			runOnlyForDeploymentPostprocessing = 0;
			shellPath = /bin/sh;
			shellScript = "# Version 2.0 (updated for Xcode 4, with some fixes)\n# Changes:\n#    - Works with xcode 4, even when running xcode 3 projects (Workarounds for apple bugs)\n#    - Faster / better: only runs lipo once, instead of once per recursion\n#    - Added some debugging statemetns that can be switched on/off by changing the DEBUG_THIS_SCRIPT variable to \"true\"\n#    - Fixed some typos\n# \n# Purpose:\n#   Create a static library for iPhone from within XCode\n#   Because Apple staff DELIBERATELY broke Xcode to make this impossible from the GUI (Xcode 3.2.3 specifically states this in the Release notes!)\n#   ...no, I don't understand why they did this!\n#\n# Author: Adam Martin - http://twitter.com/redglassesapps\n# Based on: original script from Eonil (main changes: Eonil's script WILL NOT WORK in Xcode GUI - it WILL CRASH YOUR COMPUTER)\n#\n# More info: see this Stack Overflow question: http://stackoverflow.com/questions/3520977/build-fat-static-library-device-simulator-using-xcode-and-sdk-4\n\n#################[ Tests: helps workaround any future bugs in Xcode ]########\n#\nDEBUG_THIS_SCRIPT=\"true\"\n\nif [ $DEBUG_THIS_SCRIPT = \"true\" ]\nthen\necho \"########### TESTS #############\"\necho \"Use the following variables when debugging this script; note that they may change on recursions\"\necho \"BUILD_DIR = $BUILD_DIR\"\necho \"BUILD_ROOT = $BUILD_ROOT\"\necho \"CONFIGURATION_BUILD_DIR = $CONFIGURATION_BUILD_DIR\"\necho \"BUILT_PRODUCTS_DIR = $BUILT_PRODUCTS_DIR\"\necho \"CONFIGURATION_TEMP_DIR = $CONFIGURATION_TEMP_DIR\"\necho \"TARGET_BUILD_DIR = $TARGET_BUILD_DIR\"\nfi\n\n#####################[ part 1 ]##################\n# First, work out the BASESDK version number (NB: Apple ought to report this, but they hide it)\n#    (incidental: searching for substrings in sh is a nightmare! Sob)\n\nSDK_VERSION=$(echo ${SDK_NAME} | grep -o '.\\{3\\}$')\n\n# Next, work out if we're in SIM or DEVICE\n\nif [ ${PLATFORM_NAME} = \"iphonesimulator\" ]\nthen\nOTHER_SDK_TO_BUILD=iphoneos${SDK_VERSION}\nelse\nOTHER_SDK_TO_BUILD=iphonesimulator${SDK_VERSION}\nfi\n\necho \"XCode has selected SDK: ${PLATFORM_NAME} with version: ${SDK_VERSION} (although back-targetting: ${IPHONEOS_DEPLOYMENT_TARGET})\"\necho \"...therefore, OTHER_SDK_TO_BUILD = ${OTHER_SDK_TO_BUILD}\"\n#\n#####################[ end of part 1 ]##################\n\n#####################[ part 2 ]##################\n#\n# IF this is the original invocation, invoke WHATEVER other builds are required\n#\n# Xcode is already building ONE target...\n#\n# ...but this is a LIBRARY, so Apple is wrong to set it to build just one.\n# ...we need to build ALL targets\n# ...we MUST NOT re-build the target that is ALREADY being built: Xcode WILL CRASH YOUR COMPUTER if you try this (infinite recursion!)\n#\n#\n# So: build ONLY the missing platforms/configurations.\n\nif [ \"true\" == ${ALREADYINVOKED:-false} ]\nthen\necho \"RECURSION: I am NOT the root invocation, so I'm NOT going to recurse\"\nelse\n# CRITICAL:\n# Prevent infinite recursion (Xcode sucks)\nexport ALREADYINVOKED=\"true\"\n\necho \"RECURSION: I am the root ... recursing all missing build targets NOW...\"\necho \"RECURSION: ...about to invoke: xcodebuild -configuration \\\"${CONFIGURATION}\\\" -target \\\"${TARGET_NAME}\\\" -sdk \\\"${OTHER_SDK_TO_BUILD}\\\" ${ACTION} RUN_CLANG_STATIC_ANALYZER=NO\"\nxcodebuild -configuration \"${CONFIGURATION}\" -target \"${TARGET_NAME}\" -sdk \"${OTHER_SDK_TO_BUILD}\" ${ACTION} RUN_CLANG_STATIC_ANALYZER=NO BUILD_DIR=\"${BUILD_DIR}\" BUILD_ROOT=\"${BUILD_ROOT}\"\n\nACTION=\"build\"\n\n#Merge all platform binaries as a fat binary for each configurations.\n\n# Calculate where the (multiple) built files are coming from:\nCURRENTCONFIG_DEVICE_DIR=${SYMROOT}/${CONFIGURATION}-iphoneos\nCURRENTCONFIG_SIMULATOR_DIR=${SYMROOT}/${CONFIGURATION}-iphonesimulator\nCURRENTCONFIG_UNIVERSAL_DIR=${SRCROOT}/${PRODUCT_NAME}-release\n\necho \"Taking device build from: ${CURRENTCONFIG_DEVICE_DIR}\"\necho \"Taking simulator build from: ${CURRENTCONFIG_SIMULATOR_DIR}\"\n\nif [ -d \"${CURRENTCONFIG_UNIVERSAL_DIR}\" ]\nthen\necho \"deleting files from release directory ${CURRENTCONFIG_UNIVERSAL_DIR}/*\"\n# Note that no quotes are used around the path, as otherwise the * is not correctly interpreted\nrm -rf ${CURRENTCONFIG_UNIVERSAL_DIR}/* #*/\nelse\necho \"No release repository found checked out. Creating local directory\"\nmkdir \"${CURRENTCONFIG_UNIVERSAL_DIR}\"\nfi\n\n\n#echo \"lipo: for current configuration (${CONFIGURATION}) creating output file: ${CURRENTCONFIG_UNIVERSAL_DIR}/${EXECUTABLE_NAME}\"\nlipo -create -output \"${CURRENTCONFIG_UNIVERSAL_DIR}/${EXECUTABLE_NAME}\" \"${CURRENTCONFIG_DEVICE_DIR}/${EXECUTABLE_NAME}\" \"${CURRENTCONFIG_SIMULATOR_DIR}/${EXECUTABLE_NAME}\"\n\n#########\n#\n# Added: StackOverflow suggestion to also copy \"include\" files\n#    (untested, but should work OK)\n#\nif [ -d \"${CURRENTCONFIG_DEVICE_DIR}/include\" ]\nthen\nmkdir -p \"${CURRENTCONFIG_UNIVERSAL_DIR}/${PRODUCT_NAME}-include\"\ncp \"${CURRENTCONFIG_DEVICE_DIR}\"/include/* \"${CURRENTCONFIG_UNIVERSAL_DIR}/${PRODUCT_NAME}-include\" #*/\nfi\nfi\n\n";
		};
/* End PBXShellScriptBuildPhase section */

/* Begin PBXSourcesBuildPhase section */
		53922D6B148C55810056699D /* Sources */ = {
			isa = PBXSourcesBuildPhase;
			buildActionMask = 2147483647;
			files = (
				53922D98148C56230056699D /* SDImageCache.m in Sources */,
				53922D9C148C56230056699D /* SDWebImageDecoder.m in Sources */,
				53922D9E148C56230056699D /* SDWebImageDownloader.m in Sources */,
				53922DA1148C56230056699D /* SDWebImageManager.m in Sources */,
				53922DA4148C56230056699D /* SDWebImagePrefetcher.m in Sources */,
				53922DA6148C56230056699D /* UIButton+WebCache.m in Sources */,
				53922DA8148C56230056699D /* UIImageView+WebCache.m in Sources */,
				535699B715113E7300A4C397 /* MKAnnotationView+WebCache.m in Sources */,
			);
			runOnlyForDeploymentPostprocessing = 0;
		};
/* End PBXSourcesBuildPhase section */

/* Begin XCBuildConfiguration section */
		53922D7A148C55820056699D /* Debug */ = {
			isa = XCBuildConfiguration;
			buildSettings = {
				ALWAYS_SEARCH_USER_PATHS = NO;
				ARCHS = (
					armv6,
					"$(ARCHS_STANDARD_32_BIT)",
				);
				COPY_PHASE_STRIP = NO;
				GCC_C_LANGUAGE_STANDARD = gnu99;
				GCC_DYNAMIC_NO_PIC = NO;
				GCC_OPTIMIZATION_LEVEL = 0;
				GCC_PREPROCESSOR_DEFINITIONS = (
					"DEBUG=1",
					"$(inherited)",
				);
				GCC_SYMBOLS_PRIVATE_EXTERN = NO;
				GCC_VERSION = com.apple.compilers.llvm.clang.1_0;
				GCC_WARN_ABOUT_MISSING_PROTOTYPES = YES;
				GCC_WARN_ABOUT_RETURN_TYPE = YES;
				GCC_WARN_UNUSED_VARIABLE = YES;
				IPHONEOS_DEPLOYMENT_TARGET = 5.0;
				SDKROOT = iphoneos;
			};
			name = Debug;
		};
		53922D7B148C55820056699D /* Release */ = {
			isa = XCBuildConfiguration;
			buildSettings = {
				ALWAYS_SEARCH_USER_PATHS = NO;
				ARCHS = (
					armv6,
					"$(ARCHS_STANDARD_32_BIT)",
				);
				COPY_PHASE_STRIP = YES;
				GCC_C_LANGUAGE_STANDARD = gnu99;
				GCC_VERSION = com.apple.compilers.llvm.clang.1_0;
				GCC_WARN_ABOUT_MISSING_PROTOTYPES = YES;
				GCC_WARN_ABOUT_RETURN_TYPE = YES;
				GCC_WARN_UNUSED_VARIABLE = YES;
				IPHONEOS_DEPLOYMENT_TARGET = 5.0;
				SDKROOT = iphoneos;
				VALIDATE_PRODUCT = YES;
			};
			name = Release;
		};
		53922D7D148C55820056699D /* Debug */ = {
			isa = XCBuildConfiguration;
			buildSettings = {
				CLANG_ENABLE_OBJC_ARC = NO;
				CLANG_WARN_OBJCPP_ARC_ABI = NO;
				DSTROOT = /tmp/SDWebImage.dst;
				GCC_PRECOMPILE_PREFIX_HEADER = YES;
				GCC_PREFIX_HEADER = "";
				INSTALL_PATH = "$(BUILT_PRODUCTS_DIR)";
				OTHER_LDFLAGS = "-ObjC";
				PRODUCT_NAME = "$(TARGET_NAME)";
				PUBLIC_HEADERS_FOLDER_PATH = "../../Headers/$(TARGET_NAME)";
				SKIP_INSTALL = YES;
			};
			name = Debug;
		};
		53922D7E148C55820056699D /* Release */ = {
			isa = XCBuildConfiguration;
			buildSettings = {
				CLANG_ENABLE_OBJC_ARC = NO;
				CLANG_WARN_OBJCPP_ARC_ABI = NO;
				DSTROOT = /tmp/SDWebImage.dst;
				GCC_PRECOMPILE_PREFIX_HEADER = YES;
				GCC_PREFIX_HEADER = "";
				INSTALL_PATH = "$(BUILT_PRODUCTS_DIR)";
				OTHER_LDFLAGS = "-ObjC";
				PRODUCT_NAME = "$(TARGET_NAME)";
				PUBLIC_HEADERS_FOLDER_PATH = "../../Headers/$(TARGET_NAME)";
				SKIP_INSTALL = YES;
			};
			name = Release;
		};
/* End XCBuildConfiguration section */

/* Begin XCConfigurationList section */
		53922D69148C55810056699D /* Build configuration list for PBXProject "SDWebImage" */ = {
			isa = XCConfigurationList;
			buildConfigurations = (
				53922D7A148C55820056699D /* Debug */,
				53922D7B148C55820056699D /* Release */,
			);
			defaultConfigurationIsVisible = 0;
			defaultConfigurationName = Release;
		};
		53922D7C148C55820056699D /* Build configuration list for PBXNativeTarget "SDWebImage" */ = {
			isa = XCConfigurationList;
			buildConfigurations = (
				53922D7D148C55820056699D /* Debug */,
				53922D7E148C55820056699D /* Release */,
			);
			defaultConfigurationIsVisible = 0;
			defaultConfigurationName = Release;
		};
/* End XCConfigurationList section */
	};
	rootObject = 53922D66148C55810056699D /* Project object */;
}
